
Microsoft Visual Studio Solution File, Format Version 12.00
# Visual Studio Version 16
VisualStudioVersion = 16.0.29609.76
MinimumVisualStudioVersion = 10.0.40219.1
Project("{FAE04EC0-301F-11D3-BF4B-00C04F79EFBC}") = "MyFirstConsoleApp", "MyFirstConsoleApp\MyFirstConsoleApp.csproj", "{4FA5FFF4-9C61-49F1-9E7B-405A43EE7840}"
EndProject
Global
	GlobalSection(SolutionConfigurationPlatforms) = preSolution
		Debug|Any CPU = Debug|Any CPU
		Release|Any CPU = Release|Any CPU
	EndGlobalSection
	GlobalSection(ProjectConfigurationPlatforms) = postSolution
		{4FA5FFF4-9C61-49F1-9E7B-405A43EE7840}.Debug|Any CPU.ActiveCfg = Debug|Any CPU
		{4FA5FFF4-9C61-49F1-9E7B-405A43EE7840}.Debug|Any CPU.Build.0 = Debug|Any CPU
		{4FA5FFF4-9C61-49F1-9E7B-405A43EE7840}.Release|Any CPU.ActiveCfg = Release|Any CPU
		{4FA5FFF4-9C61-49F1-9E7B-405A43EE7840}.Release|Any CPU.Build.0 = Release|Any CPU
	EndGlobalSection
	GlobalSection(SolutionProperties) = preSolution
		HideSolutionNode = FALSE
	EndGlobalSection
	GlobalSection(ExtensibilityGlobals) = postSolution
		SolutionGuid = {CEF4F840-055F-452F-8134-53A663364B38}
	EndGlobalSection
EndGlobal
